
Microsoft Visual Studio Solution File, Format Version 11.00
# Visual Studio 2010
Project("{FAE04EC0-301F-11D3-BF4B-00C04F79EFBC}") = "UnityEngine.TestRunner", "UnityEngine.TestRunner.csproj", "{9cbaa9dd-31c2-8050-80ce-f3b03848ed63}"
EndProject
Project("{FAE04EC0-301F-11D3-BF4B-00C04F79EFBC}") = "Unity.2D.Animation.Triangle.Runtime", "Unity.2D.Animation.Triangle.Runtime.csproj", "{59e12cbe-3e9f-0d71-f856-06fd5f690a79}"
EndProject
Project("{FAE04EC0-301F-11D3-BF4B-00C04F79EFBC}") = "UnityEngine.UI", "UnityEngine.UI.csproj", "{a99746fb-1360-0f3c-aa8f-2154427572d9}"
EndProject
Project("{FAE04EC0-301F-11D3-BF4B-00C04F79EFBC}") = "Unity.TextMeshPro", "Unity.TextMeshPro.csproj", "{8755e226-56f4-267a-cdf7-acf77a774c1b}"
EndProject
Project("{FAE04EC0-301F-11D3-BF4B-00C04F79EFBC}") = "Unity.2D.Animation.Runtime", "Unity.2D.Animation.Runtime.csproj", "{ff67c163-adf5-66fc-63e3-d94690bcbca8}"
EndProject
Project("{FAE04EC0-301F-11D3-BF4B-00C04F79EFBC}") = "Unity.Timeline", "Unity.Timeline.csproj", "{fbae6d18-c2f0-4129-b5c5-5a5a65e02e96}"
EndProject
Project("{FAE04EC0-301F-11D3-BF4B-00C04F79EFBC}") = "Unity.Mathematics", "Unity.Mathematics.csproj", "{ef148776-87b7-0284-c3b9-88bffdfef9ff}"
EndProject
Project("{FAE04EC0-301F-11D3-BF4B-00C04F79EFBC}") = "Unity.2D.SpriteShape.Runtime", "Unity.2D.SpriteShape.Runtime.csproj", "{e5f1f952-dc25-1788-9b2a-86759104d2a3}"
EndProject
Project("{FAE04EC0-301F-11D3-BF4B-00C04F79EFBC}") = "Unity.2D.PixelPerfect", "Unity.2D.PixelPerfect.csproj", "{c2301599-e9de-9061-473b-0bcdf4df6146}"
EndProject
Project("{FAE04EC0-301F-11D3-BF4B-00C04F79EFBC}") = "Unity.InternalAPIEngineBridge.001", "Unity.InternalAPIEngineBridge.001.csproj", "{27d877c0-ddd4-6aae-9ce6-18f164ec8efa}"
EndProject
Project("{FAE04EC0-301F-11D3-BF4B-00C04F79EFBC}") = "Unity.2D.Common.Runtime", "Unity.2D.Common.Runtime.csproj", "{78f70708-2c24-6112-75f7-48d0fa4d91b8}"
EndProject
Project("{FAE04EC0-301F-11D3-BF4B-00C04F79EFBC}") = "Assembly-CSharp", "Assembly-CSharp.csproj", "{b570db40-d049-bed3-18d8-f28cbb156472}"
EndProject
Project("{FAE04EC0-301F-11D3-BF4B-00C04F79EFBC}") = "UnityEditor.TestRunner", "UnityEditor.TestRunner.csproj", "{79c4f726-1264-24e7-be92-b4a97d53bf65}"
EndProject
Project("{FAE04EC0-301F-11D3-BF4B-00C04F79EFBC}") = "Unity.TextMeshPro.Editor", "Unity.TextMeshPro.Editor.csproj", "{8f76d7d4-8ba7-c777-b4f8-6abebf470f1d}"
EndProject
Project("{FAE04EC0-301F-11D3-BF4B-00C04F79EFBC}") = "Unity.Timeline.Editor", "Unity.Timeline.Editor.csproj", "{1e6fafbd-c478-1a74-2aa1-275b536f412c}"
EndProject
Project("{FAE04EC0-301F-11D3-BF4B-00C04F79EFBC}") = "Unity.2D.Animation.Editor", "Unity.2D.Animation.Editor.csproj", "{5fcb1c83-2c36-40dd-1213-d36775cbac9d}"
EndProject
Project("{FAE04EC0-301F-11D3-BF4B-00C04F79EFBC}") = "Unity.2D.Path.Editor", "Unity.2D.Path.Editor.csproj", "{a3500a9f-1692-cc98-c7bd-4d04a6b485f9}"
EndProject
Project("{FAE04EC0-301F-11D3-BF4B-00C04F79EFBC}") = "Unity.2D.Sprite.Editor", "Unity.2D.Sprite.Editor.csproj", "{ab13d586-1c3f-74e2-9332-589ddae33f08}"
EndProject
Project("{FAE04EC0-301F-11D3-BF4B-00C04F79EFBC}") = "UnityEditor.UI", "UnityEditor.UI.csproj", "{0969c699-43b9-798a-2956-59a6f3b1fdcc}"
EndProject
Project("{FAE04EC0-301F-11D3-BF4B-00C04F79EFBC}") = "Unity.Rider.Editor", "Unity.Rider.Editor.csproj", "{784f466a-a8a8-b00e-11ff-078ed677412a}"
EndProject
Project("{FAE04EC0-301F-11D3-BF4B-00C04F79EFBC}") = "Unity.2D.Tilemap.Editor", "Unity.2D.Tilemap.Editor.csproj", "{bace8e32-c261-dd52-836b-bf8687e1d5b7}"
EndProject
Project("{FAE04EC0-301F-11D3-BF4B-00C04F79EFBC}") = "Unity.2D.SpriteShape.Editor", "Unity.2D.SpriteShape.Editor.csproj", "{2c8dd2d8-2808-15ec-3c30-d7f988df4632}"
EndProject
Project("{FAE04EC0-301F-11D3-BF4B-00C04F79EFBC}") = "PsdPlugin", "PsdPlugin.csproj", "{5c160e81-5c99-7c56-4eb7-a5e0ac51708d}"
EndProject
Project("{FAE04EC0-301F-11D3-BF4B-00C04F79EFBC}") = "Unity.CollabProxy.Editor", "Unity.CollabProxy.Editor.csproj", "{ba8f0104-fc61-c3c5-3107-29c77f1444cb}"
EndProject
Project("{FAE04EC0-301F-11D3-BF4B-00C04F79EFBC}") = "Unity.2D.Common.Editor", "Unity.2D.Common.Editor.csproj", "{210e1f8f-317e-8250-5cb7-0c0686ff141b}"
EndProject
Project("{FAE04EC0-301F-11D3-BF4B-00C04F79EFBC}") = "Unity.VSCode.Editor", "Unity.VSCode.Editor.csproj", "{9170538e-8d78-e328-04ab-3e91cdab7c1f}"
EndProject
Project("{FAE04EC0-301F-11D3-BF4B-00C04F79EFBC}") = "Unity.2D.Psdimporter.Editor", "Unity.2D.Psdimporter.Editor.csproj", "{65c710a9-283f-0ba2-068f-f9bd6eb037e7}"
EndProject
Project("{FAE04EC0-301F-11D3-BF4B-00C04F79EFBC}") = "Unity.2D.PixelPerfect.Editor", "Unity.2D.PixelPerfect.Editor.csproj", "{539ebaea-45b1-0309-3bfa-dae7cfe4bf25}"
EndProject
Project("{FAE04EC0-301F-11D3-BF4B-00C04F79EFBC}") = "Unity.Mathematics.Editor", "Unity.Mathematics.Editor.csproj", "{03fa7df3-1567-95f7-1f05-4717a821928c}"
EndProject
Project("{FAE04EC0-301F-11D3-BF4B-00C04F79EFBC}") = "Unity.InternalAPIEditorBridge.001", "Unity.InternalAPIEditorBridge.001.csproj", "{e4bfd91c-8044-a463-de00-414eb8da21d6}"
EndProject
Global
	GlobalSection(SolutionConfigurationPlatforms) = preSolution
		Debug|Any CPU = Debug|Any CPU
	EndGlobalSection
	GlobalSection(ProjectConfigurationPlatforms) = postSolution
		{9cbaa9dd-31c2-8050-80ce-f3b03848ed63}.Debug|Any CPU.ActiveCfg = Debug|Any CPU
		{9cbaa9dd-31c2-8050-80ce-f3b03848ed63}.Debug|Any CPU.Build.0 = Debug|Any CPU
		{59e12cbe-3e9f-0d71-f856-06fd5f690a79}.Debug|Any CPU.ActiveCfg = Debug|Any CPU
		{59e12cbe-3e9f-0d71-f856-06fd5f690a79}.Debug|Any CPU.Build.0 = Debug|Any CPU
		{a99746fb-1360-0f3c-aa8f-2154427572d9}.Debug|Any CPU.ActiveCfg = Debug|Any CPU
		{a99746fb-1360-0f3c-aa8f-2154427572d9}.Debug|Any CPU.Build.0 = Debug|Any CPU
		{8755e226-56f4-267a-cdf7-acf77a774c1b}.Debug|Any CPU.ActiveCfg = Debug|Any CPU
		{8755e226-56f4-267a-cdf7-acf77a774c1b}.Debug|Any CPU.Build.0 = Debug|Any CPU
		{ff67c163-adf5-66fc-63e3-d94690bcbca8}.Debug|Any CPU.ActiveCfg = Debug|Any CPU
		{ff67c163-adf5-66fc-63e3-d94690bcbca8}.Debug|Any CPU.Build.0 = Debug|Any CPU
		{fbae6d18-c2f0-4129-b5c5-5a5a65e02e96}.Debug|Any CPU.ActiveCfg = Debug|Any CPU
		{fbae6d18-c2f0-4129-b5c5-5a5a65e02e96}.Debug|Any CPU.Build.0 = Debug|Any CPU
		{ef148776-87b7-0284-c3b9-88bffdfef9ff}.Debug|Any CPU.ActiveCfg = Debug|Any CPU
		{ef148776-87b7-0284-c3b9-88bffdfef9ff}.Debug|Any CPU.Build.0 = Debug|Any CPU
		{e5f1f952-dc25-1788-9b2a-86759104d2a3}.Debug|Any CPU.ActiveCfg = Debug|Any CPU
		{e5f1f952-dc25-1788-9b2a-86759104d2a3}.Debug|Any CPU.Build.0 = Debug|Any CPU
		{c2301599-e9de-9061-473b-0bcdf4df6146}.Debug|Any CPU.ActiveCfg = Debug|Any CPU
		{c2301599-e9de-9061-473b-0bcdf4df6146}.Debug|Any CPU.Build.0 = Debug|Any CPU
		{27d877c0-ddd4-6aae-9ce6-18f164ec8efa}.Debug|Any CPU.ActiveCfg = Debug|Any CPU
		{27d877c0-ddd4-6aae-9ce6-18f164ec8efa}.Debug|Any CPU.Build.0 = Debug|Any CPU
		{78f70708-2c24-6112-75f7-48d0fa4d91b8}.Debug|Any CPU.ActiveCfg = Debug|Any CPU
		{78f70708-2c24-6112-75f7-48d0fa4d91b8}.Debug|Any CPU.Build.0 = Debug|Any CPU
		{b570db40-d049-bed3-18d8-f28cbb156472}.Debug|Any CPU.ActiveCfg = Debug|Any CPU
		{b570db40-d049-bed3-18d8-f28cbb156472}.Debug|Any CPU.Build.0 = Debug|Any CPU
		{79c4f726-1264-24e7-be92-b4a97d53bf65}.Debug|Any CPU.ActiveCfg = Debug|Any CPU
		{79c4f726-1264-24e7-be92-b4a97d53bf65}.Debug|Any CPU.Build.0 = Debug|Any CPU
		{8f76d7d4-8ba7-c777-b4f8-6abebf470f1d}.Debug|Any CPU.ActiveCfg = Debug|Any CPU
		{8f76d7d4-8ba7-c777-b4f8-6abebf470f1d}.Debug|Any CPU.Build.0 = Debug|Any CPU
		{1e6fafbd-c478-1a74-2aa1-275b536f412c}.Debug|Any CPU.ActiveCfg = Debug|Any CPU
		{1e6fafbd-c478-1a74-2aa1-275b536f412c}.Debug|Any CPU.Build.0 = Debug|Any CPU
		{5fcb1c83-2c36-40dd-1213-d36775cbac9d}.Debug|Any CPU.ActiveCfg = Debug|Any CPU
		{5fcb1c83-2c36-40dd-1213-d36775cbac9d}.Debug|Any CPU.Build.0 = Debug|Any CPU
		{a3500a9f-1692-cc98-c7bd-4d04a6b485f9}.Debug|Any CPU.ActiveCfg = Debug|Any CPU
		{a3500a9f-1692-cc98-c7bd-4d04a6b485f9}.Debug|Any CPU.Build.0 = Debug|Any CPU
		{ab13d586-1c3f-74e2-9332-589ddae33f08}.Debug|Any CPU.ActiveCfg = Debug|Any CPU
		{ab13d586-1c3f-74e2-9332-589ddae33f08}.Debug|Any CPU.Build.0 = Debug|Any CPU
		{0969c699-43b9-798a-2956-59a6f3b1fdcc}.Debug|Any CPU.ActiveCfg = Debug|Any CPU
		{0969c699-43b9-798a-2956-59a6f3b1fdcc}.Debug|Any CPU.Build.0 = Debug|Any CPU
		{784f466a-a8a8-b00e-11ff-078ed677412a}.Debug|Any CPU.ActiveCfg = Debug|Any CPU
		{784f466a-a8a8-b00e-11ff-078ed677412a}.Debug|Any CPU.Build.0 = Debug|Any CPU
		{bace8e32-c261-dd52-836b-bf8687e1d5b7}.Debug|Any CPU.ActiveCfg = Debug|Any CPU
		{bace8e32-c261-dd52-836b-bf8687e1d5b7}.Debug|Any CPU.Build.0 = Debug|Any CPU
		{2c8dd2d8-2808-15ec-3c30-d7f988df4632}.Debug|Any CPU.ActiveCfg = Debug|Any CPU
		{2c8dd2d8-2808-15ec-3c30-d7f988df4632}.Debug|Any CPU.Build.0 = Debug|Any CPU
		{5c160e81-5c99-7c56-4eb7-a5e0ac51708d}.Debug|Any CPU.ActiveCfg = Debug|Any CPU
		{5c160e81-5c99-7c56-4eb7-a5e0ac51708d}.Debug|Any CPU.Build.0 = Debug|Any CPU
		{ba8f0104-fc61-c3c5-3107-29c77f1444cb}.Debug|Any CPU.ActiveCfg = Debug|Any CPU
		{ba8f0104-fc61-c3c5-3107-29c77f1444cb}.Debug|Any CPU.Build.0 = Debug|Any CPU
		{210e1f8f-317e-8250-5cb7-0c0686ff141b}.Debug|Any CPU.ActiveCfg = Debug|Any CPU
		{210e1f8f-317e-8250-5cb7-0c0686ff141b}.Debug|Any CPU.Build.0 = Debug|Any CPU
		{9170538e-8d78-e328-04ab-3e91cdab7c1f}.Debug|Any CPU.ActiveCfg = Debug|Any CPU
		{9170538e-8d78-e328-04ab-3e91cdab7c1f}.Debug|Any CPU.Build.0 = Debug|Any CPU
		{65c710a9-283f-0ba2-068f-f9bd6eb037e7}.Debug|Any CPU.ActiveCfg = Debug|Any CPU
		{65c710a9-283f-0ba2-068f-f9bd6eb037e7}.Debug|Any CPU.Build.0 = Debug|Any CPU
		{539ebaea-45b1-0309-3bfa-dae7cfe4bf25}.Debug|Any CPU.ActiveCfg = Debug|Any CPU
		{539ebaea-45b1-0309-3bfa-dae7cfe4bf25}.Debug|Any CPU.Build.0 = Debug|Any CPU
		{03fa7df3-1567-95f7-1f05-4717a821928c}.Debug|Any CPU.ActiveCfg = Debug|Any CPU
		{03fa7df3-1567-95f7-1f05-4717a821928c}.Debug|Any CPU.Build.0 = Debug|Any CPU
		{e4bfd91c-8044-a463-de00-414eb8da21d6}.Debug|Any CPU.ActiveCfg = Debug|Any CPU
		{e4bfd91c-8044-a463-de00-414eb8da21d6}.Debug|Any CPU.Build.0 = Debug|Any CPU
	EndGlobalSection
	GlobalSection(SolutionProperties) = preSolution
		HideSolutionNode = FALSE
	EndGlobalSection
EndGlobal
